{
  "name": "crytography",
  "version": "1.0.0",
  "lockfileVersion": 3,
  "requires": true,
  "packages": {
    "": {
      "name": "crytography",
      "version": "1.0.0",
      "license": "ISC",
      "dependencies": {
        "@types/node": "^24.3.0",
        "cryptojs": "^2.5.3",
        "typescript": "^5.9.2"
      },
      "devDependencies": {
        "@types/cryptojs": "^3.1.33"
      }
    },
    "node_modules/@types/cryptojs": {
      "version": "3.1.33",
      "resolved": "https://registry.npmjs.org/@types/cryptojs/-/cryptojs-3.1.33.tgz",
      "integrity": "sha512-7jvZ6Y0Y4Vq7gDkanLiiaj/LaIS8J/wvJ8k0bE2XMFVg+LK9El2eyNCxuz8xJrk3YVmEbSLxk1EFjXUCDkdN4w==",
      "dev": true,
      "license": "MIT"
    },
    "node_modules/@types/node": {
      "version": "24.3.0",
      "resolved": "https://registry.npmjs.org/@types/node/-/node-24.3.0.tgz",
      "integrity": "sha512-aPTXCrfwnDLj4VvXrm+UUCQjNEvJgNA8s5F1cvwQU+3KNltTOkBm1j30uNLyqqPNe7gE3KFzImYoZEfLhp4Yow==",
      "license": "MIT",
      "dependencies": {
        "undici-types": "~7.10.0"
      }
    },
    "node_modules/cryptojs": {
      "version": "2.5.3",
      "resolved": "https://registry.npmjs.org/cryptojs/-/cryptojs-2.5.3.tgz",
      "integrity": "sha512-+rdPl1UCxE8s3R94NNn+zMKOiI4MJ7dyh3X0c5uBL3btDr4zQ6acd7f9mY7Wb5MrccZEi2Rrha3OEtLcc5XXog==",
      "engines": {
        "node": "*"
      }
    },
    "node_modules/typescript": {
      "version": "5.9.2",
      "resolved": "https://registry.npmjs.org/typescript/-/typescript-5.9.2.tgz",
      "integrity": "sha512-CWBzXQrc/qOkhidw1OzBTQuYRbfyxDXJMVJ1XNwUHGROVmuaeiEm3OslpZ1RV96d7SKKjZKrSJu3+t/xlw3R9A==",
      "license": "Apache-2.0",
      "bin": {
        "tsc": "bin/tsc",
        "tsserver": "bin/tsserver"
      },
      "engines": {
        "node": ">=14.17"
      }
    },
    "node_modules/undici-types": {
      "version": "7.10.0",
      "resolved": "https://registry.npmjs.org/undici-types/-/undici-types-7.10.0.tgz",
      "integrity": "sha512-t5Fy/nfn+14LuOc2KNYg75vZqClpAiqscVvMygNnlsHBFpSXdJaYtXMcdNLpl/Qvc3P2cB3s6lOV51nqsFq4ag==",
      "license": "MIT"
    }
  }
}
